// !$*UTF8*$!
{
	archiveVersion = 1;
	classes = {
	};
	objectVersion = 46;
	objects = {

/* Begin PBXBuildFile section */
		A6AC7AB21EC2D9F5009178B1 /* main.m in Sources */ = {isa = PBXBuildFile; fileRef = A6AC7AB11EC2D9F5009178B1 /* main.m */; };
		A6AC7AB91EC2DA0D009178B1 /* ulib.framework in Frameworks */ = {isa = PBXBuildFile; fileRef = A6AC7AB81EC2DA0D009178B1 /* ulib.framework */; };
		A6AC7ACC1EC2DA2E009178B1 /* ulibasn1.framework in Frameworks */ = {isa = PBXBuildFile; fileRef = A6AC7ABA1EC2DA2E009178B1 /* ulibasn1.framework */; };
		A6AC7AD01EC2DA2F009178B1 /* ulibgsmmap.framework in Frameworks */ = {isa = PBXBuildFile; fileRef = A6AC7ABE1EC2DA2E009178B1 /* ulibgsmmap.framework */; };
		A6AC7AD11EC2DA2F009178B1 /* ulibgt.framework in Frameworks */ = {isa = PBXBuildFile; fileRef = A6AC7ABF1EC2DA2E009178B1 /* ulibgt.framework */; };
		A6AC7AD21EC2DA2F009178B1 /* ulibm2pa.framework in Frameworks */ = {isa = PBXBuildFile; fileRef = A6AC7AC01EC2DA2E009178B1 /* ulibm2pa.framework */; };
		A6AC7AD31EC2DA2F009178B1 /* ulibmtp3.framework in Frameworks */ = {isa = PBXBuildFile; fileRef = A6AC7AC11EC2DA2E009178B1 /* ulibmtp3.framework */; };
		A6AC7AD51EC2DA2F009178B1 /* ulibsccp.framework in Frameworks */ = {isa = PBXBuildFile; fileRef = A6AC7AC31EC2DA2E009178B1 /* ulibsccp.framework */; };
		A6AC7AD61EC2DA2F009178B1 /* ulibsctp.framework in Frameworks */ = {isa = PBXBuildFile; fileRef = A6AC7AC41EC2DA2E009178B1 /* ulibsctp.framework */; };
		A6AC7ADB1EC2DA2F009178B1 /* ulibtcap.framework in Frameworks */ = {isa = PBXBuildFile; fileRef = A6AC7AC91EC2DA2E009178B1 /* ulibtcap.framework */; };
		A6AC7AE51EC2DAE9009178B1 /* AppDelegate.m in Sources */ = {isa = PBXBuildFile; fileRef = A6AC7AE41EC2DAE9009178B1 /* AppDelegate.m */; };
		A6AC7AE81EC2DD3F009178B1 /* MSCInstance.m in Sources */ = {isa = PBXBuildFile; fileRef = A6AC7AE71EC2DD3F009178B1 /* MSCInstance.m */; };
		A6AC7AEB1EC2DD4D009178B1 /* MSCTransaction.m in Sources */ = {isa = PBXBuildFile; fileRef = A6AC7AEA1EC2DD4D009178B1 /* MSCTransaction.m */; };
		A6AC7AF11EC2E06C009178B1 /* GenericTransaction.m in Sources */ = {isa = PBXBuildFile; fileRef = A6AC7AF01EC2E06C009178B1 /* GenericTransaction.m */; };
		A6AC7AF71EC2E274009178B1 /* MSCTransaction_SendRoutingInfoForSM.m in Sources */ = {isa = PBXBuildFile; fileRef = A6AC7AF61EC2E274009178B1 /* MSCTransaction_SendRoutingInfoForSM.m */; };
		A6AC7AFA1EC2E5BF009178B1 /* GenericInstance.m in Sources */ = {isa = PBXBuildFile; fileRef = A6AC7AF91EC2E5BF009178B1 /* GenericInstance.m */; };
		A6C3FAA31EC2F540009AE00A /* ulibpcap.framework in Frameworks */ = {isa = PBXBuildFile; fileRef = A6C3FAA21EC2F540009AE00A /* ulibpcap.framework */; };
/* End PBXBuildFile section */

/* Begin PBXCopyFilesBuildPhase section */
		A6AC7AAC1EC2D9F5009178B1 /* CopyFiles */ = {
			isa = PBXCopyFilesBuildPhase;
			buildActionMask = 2147483647;
			dstPath = /usr/share/man/man1/;
			dstSubfolderSpec = 0;
			files = (
			);
			runOnlyForDeploymentPostprocessing = 1;
		};
/* End PBXCopyFilesBuildPhase section */

/* Begin PBXFileReference section */
		A6AC7AAE1EC2D9F5009178B1 /* hlrclient */ = {isa = PBXFileReference; explicitFileType = "compiled.mach-o.executable"; includeInIndex = 0; path = hlrclient; sourceTree = BUILT_PRODUCTS_DIR; };
		A6AC7AB11EC2D9F5009178B1 /* main.m */ = {isa = PBXFileReference; lastKnownFileType = sourcecode.c.objc; path = main.m; sourceTree = "<group>"; };
		A6AC7AB81EC2DA0D009178B1 /* ulib.framework */ = {isa = PBXFileReference; lastKnownFileType = wrapper.framework; name = ulib.framework; path = ../../../../../Library/Frameworks/ulib.framework; sourceTree = "<group>"; };
		A6AC7ABA1EC2DA2E009178B1 /* ulibasn1.framework */ = {isa = PBXFileReference; lastKnownFileType = wrapper.framework; name = ulibasn1.framework; path = ../../../../../Library/Frameworks/ulibasn1.framework; sourceTree = "<group>"; };
		A6AC7ABE1EC2DA2E009178B1 /* ulibgsmmap.framework */ = {isa = PBXFileReference; lastKnownFileType = wrapper.framework; name = ulibgsmmap.framework; path = ../../../../../Library/Frameworks/ulibgsmmap.framework; sourceTree = "<group>"; };
		A6AC7ABF1EC2DA2E009178B1 /* ulibgt.framework */ = {isa = PBXFileReference; lastKnownFileType = wrapper.framework; name = ulibgt.framework; path = ../../../../../Library/Frameworks/ulibgt.framework; sourceTree = "<group>"; };
		A6AC7AC01EC2DA2E009178B1 /* ulibm2pa.framework */ = {isa = PBXFileReference; lastKnownFileType = wrapper.framework; name = ulibm2pa.framework; path = ../../../../../Library/Frameworks/ulibm2pa.framework; sourceTree = "<group>"; };
		A6AC7AC11EC2DA2E009178B1 /* ulibmtp3.framework */ = {isa = PBXFileReference; lastKnownFileType = wrapper.framework; name = ulibmtp3.framework; path = ../../../../../Library/Frameworks/ulibmtp3.framework; sourceTree = "<group>"; };
		A6AC7AC31EC2DA2E009178B1 /* ulibsccp.framework */ = {isa = PBXFileReference; lastKnownFileType = wrapper.framework; name = ulibsccp.framework; path = ../../../../../Library/Frameworks/ulibsccp.framework; sourceTree = "<group>"; };
		A6AC7AC41EC2DA2E009178B1 /* ulibsctp.framework */ = {isa = PBXFileReference; lastKnownFileType = wrapper.framework; name = ulibsctp.framework; path = ../../../../../Library/Frameworks/ulibsctp.framework; sourceTree = "<group>"; };
		A6AC7AC91EC2DA2E009178B1 /* ulibtcap.framework */ = {isa = PBXFileReference; lastKnownFileType = wrapper.framework; name = ulibtcap.framework; path = ../../../../../Library/Frameworks/ulibtcap.framework; sourceTree = "<group>"; };
		A6AC7AE31EC2DAE9009178B1 /* AppDelegate.h */ = {isa = PBXFileReference; fileEncoding = 4; lastKnownFileType = sourcecode.c.h; path = AppDelegate.h; sourceTree = "<group>"; };
		A6AC7AE41EC2DAE9009178B1 /* AppDelegate.m */ = {isa = PBXFileReference; fileEncoding = 4; lastKnownFileType = sourcecode.c.objc; path = AppDelegate.m; sourceTree = "<group>"; };
		A6AC7AE61EC2DD3F009178B1 /* MSCInstance.h */ = {isa = PBXFileReference; fileEncoding = 4; lastKnownFileType = sourcecode.c.h; path = MSCInstance.h; sourceTree = "<group>"; };
		A6AC7AE71EC2DD3F009178B1 /* MSCInstance.m */ = {isa = PBXFileReference; fileEncoding = 4; lastKnownFileType = sourcecode.c.objc; path = MSCInstance.m; sourceTree = "<group>"; };
		A6AC7AE91EC2DD4D009178B1 /* MSCTransaction.h */ = {isa = PBXFileReference; fileEncoding = 4; lastKnownFileType = sourcecode.c.h; path = MSCTransaction.h; sourceTree = "<group>"; };
		A6AC7AEA1EC2DD4D009178B1 /* MSCTransaction.m */ = {isa = PBXFileReference; fileEncoding = 4; lastKnownFileType = sourcecode.c.objc; path = MSCTransaction.m; sourceTree = "<group>"; };
		A6AC7AEF1EC2E06C009178B1 /* GenericTransaction.h */ = {isa = PBXFileReference; fileEncoding = 4; lastKnownFileType = sourcecode.c.h; path = GenericTransaction.h; sourceTree = "<group>"; };
		A6AC7AF01EC2E06C009178B1 /* GenericTransaction.m */ = {isa = PBXFileReference; fileEncoding = 4; lastKnownFileType = sourcecode.c.objc; path = GenericTransaction.m; sourceTree = "<group>"; };
		A6AC7AF21EC2E110009178B1 /* WebMacros.h */ = {isa = PBXFileReference; fileEncoding = 4; lastKnownFileType = sourcecode.c.h; path = WebMacros.h; sourceTree = "<group>"; };
		A6AC7AF51EC2E274009178B1 /* MSCTransaction_SendRoutingInfoForSM.h */ = {isa = PBXFileReference; fileEncoding = 4; lastKnownFileType = sourcecode.c.h; path = MSCTransaction_SendRoutingInfoForSM.h; sourceTree = "<group>"; };
		A6AC7AF61EC2E274009178B1 /* MSCTransaction_SendRoutingInfoForSM.m */ = {isa = PBXFileReference; fileEncoding = 4; lastKnownFileType = sourcecode.c.objc; path = MSCTransaction_SendRoutingInfoForSM.m; sourceTree = "<group>"; };
		A6AC7AF81EC2E5BF009178B1 /* GenericInstance.h */ = {isa = PBXFileReference; fileEncoding = 4; lastKnownFileType = sourcecode.c.h; path = GenericInstance.h; sourceTree = "<group>"; };
		A6AC7AF91EC2E5BF009178B1 /* GenericInstance.m */ = {isa = PBXFileReference; fileEncoding = 4; lastKnownFileType = sourcecode.c.objc; path = GenericInstance.m; sourceTree = "<group>"; };
		A6C3FAA21EC2F540009AE00A /* ulibpcap.framework */ = {isa = PBXFileReference; lastKnownFileType = wrapper.framework; name = ulibpcap.framework; path = ../../../../../Library/Frameworks/ulibpcap.framework; sourceTree = "<group>"; };
		A6C3FAA41EC2FA77009AE00A /* hlrclient.conf */ = {isa = PBXFileReference; lastKnownFileType = text; name = hlrclient.conf; path = ../../../../../etc/hlrclient/hlrclient.conf; sourceTree = "<group>"; };
		A6C3FAA51EC302A4009AE00A /* hlrclient.conf-example */ = {isa = PBXFileReference; fileEncoding = 4; lastKnownFileType = text; path = "hlrclient.conf-example"; sourceTree = SOURCE_ROOT; };
/* End PBXFileReference section */

/* Begin PBXFrameworksBuildPhase section */
		A6AC7AAB1EC2D9F5009178B1 /* Frameworks */ = {
			isa = PBXFrameworksBuildPhase;
			buildActionMask = 2147483647;
			files = (
				A6AC7AD61EC2DA2F009178B1 /* ulibsctp.framework in Frameworks */,
				A6AC7ADB1EC2DA2F009178B1 /* ulibtcap.framework in Frameworks */,
				A6C3FAA31EC2F540009AE00A /* ulibpcap.framework in Frameworks */,
				A6AC7AB91EC2DA0D009178B1 /* ulib.framework in Frameworks */,
				A6AC7AD21EC2DA2F009178B1 /* ulibm2pa.framework in Frameworks */,
				A6AC7AD51EC2DA2F009178B1 /* ulibsccp.framework in Frameworks */,
				A6AC7AD31EC2DA2F009178B1 /* ulibmtp3.framework in Frameworks */,
				A6AC7AD01EC2DA2F009178B1 /* ulibgsmmap.framework in Frameworks */,
				A6AC7ACC1EC2DA2E009178B1 /* ulibasn1.framework in Frameworks */,
				A6AC7AD11EC2DA2F009178B1 /* ulibgt.framework in Frameworks */,
			);
			runOnlyForDeploymentPostprocessing = 0;
		};
/* End PBXFrameworksBuildPhase section */

/* Begin PBXGroup section */
		A6AC7AA51EC2D9F5009178B1 = {
			isa = PBXGroup;
			children = (
				A6C3FAA41EC2FA77009AE00A /* hlrclient.conf */,
				A6C3FAA51EC302A4009AE00A /* hlrclient.conf-example */,
				A6AC7AB01EC2D9F5009178B1 /* hlrclient */,
				A6AC7AAF1EC2D9F5009178B1 /* Products */,
				A6AC7AB81EC2DA0D009178B1 /* ulib.framework */,
				A6AC7AC41EC2DA2E009178B1 /* ulibsctp.framework */,
				A6AC7AC01EC2DA2E009178B1 /* ulibm2pa.framework */,
				A6AC7AC11EC2DA2E009178B1 /* ulibmtp3.framework */,
				A6AC7ABF1EC2DA2E009178B1 /* ulibgt.framework */,
				A6AC7AC31EC2DA2E009178B1 /* ulibsccp.framework */,
				A6AC7ABA1EC2DA2E009178B1 /* ulibasn1.framework */,
				A6AC7AC91EC2DA2E009178B1 /* ulibtcap.framework */,
				A6AC7ABE1EC2DA2E009178B1 /* ulibgsmmap.framework */,
				A6C3FAA21EC2F540009AE00A /* ulibpcap.framework */,
			);
			sourceTree = "<group>";
		};
		A6AC7AAF1EC2D9F5009178B1 /* Products */ = {
			isa = PBXGroup;
			children = (
				A6AC7AAE1EC2D9F5009178B1 /* hlrclient */,
			);
			name = Products;
			sourceTree = "<group>";
		};
		A6AC7AB01EC2D9F5009178B1 /* hlrclient */ = {
			isa = PBXGroup;
			children = (
				A6AC7AB11EC2D9F5009178B1 /* main.m */,
				A6AC7AE31EC2DAE9009178B1 /* AppDelegate.h */,
				A6AC7AE41EC2DAE9009178B1 /* AppDelegate.m */,
				A6AC7AF81EC2E5BF009178B1 /* GenericInstance.h */,
				A6AC7AF91EC2E5BF009178B1 /* GenericInstance.m */,
				A6AC7AEF1EC2E06C009178B1 /* GenericTransaction.h */,
				A6AC7AF01EC2E06C009178B1 /* GenericTransaction.m */,
				A6AC7AE61EC2DD3F009178B1 /* MSCInstance.h */,
				A6AC7AE71EC2DD3F009178B1 /* MSCInstance.m */,
				A6AC7AE91EC2DD4D009178B1 /* MSCTransaction.h */,
				A6AC7AEA1EC2DD4D009178B1 /* MSCTransaction.m */,
				A6AC7AF51EC2E274009178B1 /* MSCTransaction_SendRoutingInfoForSM.h */,
				A6AC7AF61EC2E274009178B1 /* MSCTransaction_SendRoutingInfoForSM.m */,
				A6AC7AF21EC2E110009178B1 /* WebMacros.h */,
			);
			path = hlrclient;
			sourceTree = "<group>";
		};
/* End PBXGroup section */

/* Begin PBXNativeTarget section */
		A6AC7AAD1EC2D9F5009178B1 /* hlrclient */ = {
			isa = PBXNativeTarget;
			buildConfigurationList = A6AC7AB51EC2D9F5009178B1 /* Build configuration list for PBXNativeTarget "hlrclient" */;
			buildPhases = (
				A6AC7AAA1EC2D9F5009178B1 /* Sources */,
				A6AC7AAB1EC2D9F5009178B1 /* Frameworks */,
				A6AC7AAC1EC2D9F5009178B1 /* CopyFiles */,
			);
			buildRules = (
			);
			dependencies = (
			);
			name = hlrclient;
			productName = hlrclient;
			productReference = A6AC7AAE1EC2D9F5009178B1 /* hlrclient */;
			productType = "com.apple.product-type.tool";
		};
/* End PBXNativeTarget section */

/* Begin PBXProject section */
		A6AC7AA61EC2D9F5009178B1 /* Project object */ = {
			isa = PBXProject;
			attributes = {
				LastUpgradeCheck = 0830;
				ORGANIZATIONNAME = "Andreas Fink";
				TargetAttributes = {
					A6AC7AAD1EC2D9F5009178B1 = {
						CreatedOnToolsVersion = 8.3.2;
						DevelopmentTeam = 2GSNWPNR77;
						ProvisioningStyle = Automatic;
					};
				};
			};
			buildConfigurationList = A6AC7AA91EC2D9F5009178B1 /* Build configuration list for PBXProject "hlrclient" */;
			compatibilityVersion = "Xcode 3.2";
			developmentRegion = English;
			hasScannedForEncodings = 0;
			knownRegions = (
				en,
			);
			mainGroup = A6AC7AA51EC2D9F5009178B1;
			productRefGroup = A6AC7AAF1EC2D9F5009178B1 /* Products */;
			projectDirPath = "";
			projectRoot = "";
			targets = (
				A6AC7AAD1EC2D9F5009178B1 /* hlrclient */,
			);
		};
/* End PBXProject section */

/* Begin PBXSourcesBuildPhase section */
		A6AC7AAA1EC2D9F5009178B1 /* Sources */ = {
			isa = PBXSourcesBuildPhase;
			buildActionMask = 2147483647;
			files = (
				A6AC7AF71EC2E274009178B1 /* MSCTransaction_SendRoutingInfoForSM.m in Sources */,
				A6AC7AFA1EC2E5BF009178B1 /* GenericInstance.m in Sources */,
				A6AC7AEB1EC2DD4D009178B1 /* MSCTransaction.m in Sources */,
				A6AC7AE51EC2DAE9009178B1 /* AppDelegate.m in Sources */,
				A6AC7AF11EC2E06C009178B1 /* GenericTransaction.m in Sources */,
				A6AC7AE81EC2DD3F009178B1 /* MSCInstance.m in Sources */,
				A6AC7AB21EC2D9F5009178B1 /* main.m in Sources */,
			);
			runOnlyForDeploymentPostprocessing = 0;
		};
/* End PBXSourcesBuildPhase section */

/* Begin XCBuildConfiguration section */
		A6AC7AB31EC2D9F5009178B1 /* Debug */ = {
			isa = XCBuildConfiguration;
			buildSettings = {
				ALWAYS_SEARCH_USER_PATHS = NO;
				CLANG_ALLOW_NON_MODULAR_INCLUDES_IN_FRAMEWORK_MODULES = YES;
				CLANG_ANALYZER_NONNULL = YES;
				CLANG_ANALYZER_NUMBER_OBJECT_CONVERSION = YES_AGGRESSIVE;
				CLANG_CXX_LANGUAGE_STANDARD = "gnu++0x";
				CLANG_CXX_LIBRARY = "libc++";
				CLANG_ENABLE_MODULES = YES;
				CLANG_ENABLE_OBJC_ARC = YES;
				CLANG_WARN_BOOL_CONVERSION = YES;
				CLANG_WARN_CONSTANT_CONVERSION = YES;
				CLANG_WARN_DIRECT_OBJC_ISA_USAGE = YES_ERROR;
				CLANG_WARN_DOCUMENTATION_COMMENTS = YES;
				CLANG_WARN_EMPTY_BODY = YES;
				CLANG_WARN_ENUM_CONVERSION = YES;
				CLANG_WARN_INFINITE_RECURSION = YES;
				CLANG_WARN_INT_CONVERSION = YES;
				CLANG_WARN_OBJC_ROOT_CLASS = YES_ERROR;
				CLANG_WARN_SUSPICIOUS_MOVE = YES;
				CLANG_WARN_UNREACHABLE_CODE = YES;
				CLANG_WARN__DUPLICATE_METHOD_MATCH = YES;
				CODE_SIGN_IDENTITY = "-";
				COPY_PHASE_STRIP = NO;
				DEBUG_INFORMATION_FORMAT = dwarf;
				ENABLE_STRICT_OBJC_MSGSEND = YES;
				ENABLE_TESTABILITY = YES;
				GCC_C_LANGUAGE_STANDARD = gnu99;
				GCC_DYNAMIC_NO_PIC = NO;
				GCC_NO_COMMON_BLOCKS = YES;
				GCC_OPTIMIZATION_LEVEL = 0;
				GCC_PREPROCESSOR_DEFINITIONS = (
					"DEBUG=1",
					"$(inherited)",
				);
				GCC_WARN_64_TO_32_BIT_CONVERSION = YES;
				GCC_WARN_ABOUT_RETURN_TYPE = YES_ERROR;
				GCC_WARN_UNDECLARED_SELECTOR = YES;
				GCC_WARN_UNINITIALIZED_AUTOS = YES_AGGRESSIVE;
				GCC_WARN_UNUSED_FUNCTION = YES;
				GCC_WARN_UNUSED_VARIABLE = YES;
				MACOSX_DEPLOYMENT_TARGET = 10.12;
				MTL_ENABLE_DEBUG_INFO = YES;
				ONLY_ACTIVE_ARCH = YES;
				SDKROOT = macosx;
			};
			name = Debug;
		};
		A6AC7AB41EC2D9F5009178B1 /* Release */ = {
			isa = XCBuildConfiguration;
			buildSettings = {
				ALWAYS_SEARCH_USER_PATHS = NO;
				CLANG_ALLOW_NON_MODULAR_INCLUDES_IN_FRAMEWORK_MODULES = YES;
				CLANG_ANALYZER_NONNULL = YES;
				CLANG_ANALYZER_NUMBER_OBJECT_CONVERSION = YES_AGGRESSIVE;
				CLANG_CXX_LANGUAGE_STANDARD = "gnu++0x";
				CLANG_CXX_LIBRARY = "libc++";
				CLANG_ENABLE_MODULES = YES;
				CLANG_ENABLE_OBJC_ARC = YES;
				CLANG_WARN_BOOL_CONVERSION = YES;
				CLANG_WARN_CONSTANT_CONVERSION = YES;
				CLANG_WARN_DIRECT_OBJC_ISA_USAGE = YES_ERROR;
				CLANG_WARN_DOCUMENTATION_COMMENTS = YES;
				CLANG_WARN_EMPTY_BODY = YES;
				CLANG_WARN_ENUM_CONVERSION = YES;
				CLANG_WARN_INFINITE_RECURSION = YES;
				CLANG_WARN_INT_CONVERSION = YES;
				CLANG_WARN_OBJC_ROOT_CLASS = YES_ERROR;
				CLANG_WARN_SUSPICIOUS_MOVE = YES;
				CLANG_WARN_UNREACHABLE_CODE = YES;
				CLANG_WARN__DUPLICATE_METHOD_MATCH = YES;
				CODE_SIGN_IDENTITY = "-";
				COPY_PHASE_STRIP = NO;
				DEBUG_INFORMATION_FORMAT = "dwarf-with-dsym";
				ENABLE_NS_ASSERTIONS = NO;
				ENABLE_STRICT_OBJC_MSGSEND = YES;
				GCC_C_LANGUAGE_STANDARD = gnu99;
				GCC_NO_COMMON_BLOCKS = YES;
				GCC_WARN_64_TO_32_BIT_CONVERSION = YES;
				GCC_WARN_ABOUT_RETURN_TYPE = YES_ERROR;
				GCC_WARN_UNDECLARED_SELECTOR = YES;
				GCC_WARN_UNINITIALIZED_AUTOS = YES_AGGRESSIVE;
				GCC_WARN_UNUSED_FUNCTION = YES;
				GCC_WARN_UNUSED_VARIABLE = YES;
				MACOSX_DEPLOYMENT_TARGET = 10.12;
				MTL_ENABLE_DEBUG_INFO = NO;
				SDKROOT = macosx;
			};
			name = Release;
		};
		A6AC7AB61EC2D9F5009178B1 /* Debug */ = {
			isa = XCBuildConfiguration;
			buildSettings = {
				CLANG_ALLOW_NON_MODULAR_INCLUDES_IN_FRAMEWORK_MODULES = YES;
				DEVELOPMENT_TEAM = 2GSNWPNR77;
				FRAMEWORK_SEARCH_PATHS = (
					"$(inherited)",
					"$(LOCAL_LIBRARY_DIR)/Frameworks",
				);
				PRODUCT_NAME = "$(TARGET_NAME)";
			};
			name = Debug;
		};
		A6AC7AB71EC2D9F5009178B1 /* Release */ = {
			isa = XCBuildConfiguration;
			buildSettings = {
				CLANG_ALLOW_NON_MODULAR_INCLUDES_IN_FRAMEWORK_MODULES = YES;
				DEVELOPMENT_TEAM = 2GSNWPNR77;
				FRAMEWORK_SEARCH_PATHS = (
					"$(inherited)",
					"$(LOCAL_LIBRARY_DIR)/Frameworks",
				);
				PRODUCT_NAME = "$(TARGET_NAME)";
			};
			name = Release;
		};
/* End XCBuildConfiguration section */

/* Begin XCConfigurationList section */
		A6AC7AA91EC2D9F5009178B1 /* Build configuration list for PBXProject "hlrclient" */ = {
			isa = XCConfigurationList;
			buildConfigurations = (
				A6AC7AB31EC2D9F5009178B1 /* Debug */,
				A6AC7AB41EC2D9F5009178B1 /* Release */,
			);
			defaultConfigurationIsVisible = 0;
			defaultConfigurationName = Release;
		};
		A6AC7AB51EC2D9F5009178B1 /* Build configuration list for PBXNativeTarget "hlrclient" */ = {
			isa = XCConfigurationList;
			buildConfigurations = (
				A6AC7AB61EC2D9F5009178B1 /* Debug */,
				A6AC7AB71EC2D9F5009178B1 /* Release */,
			);
			defaultConfigurationIsVisible = 0;
			defaultConfigurationName = Release;
		};
/* End XCConfigurationList section */
	};
	rootObject = A6AC7AA61EC2D9F5009178B1 /* Project object */;
}
